{
    "_readme": [
        "This file locks the dependencies of your project to a known state",
        "Read more about it at https://getcomposer.org/doc/01-basic-usage.md#installing-dependencies",
        "This file is @generated automatically"
    ],
    "content-hash": "340a2033d821d812e46085e41191807d",
    "packages": [
        {
            "name": "hollodotme/fast-cgi-client",
            "version": "v3.0.0-beta",
            "source": {
                "type": "git",
                "url": "https://github.com/hollodotme/fast-cgi-client.git",
                "reference": "5922ee701e341e68aa4b40a6683c6ce5c0d27470"
            },
            "dist": {
                "type": "zip",
                "url": "https://api.github.com/repos/hollodotme/fast-cgi-client/zipball/5922ee701e341e68aa4b40a6683c6ce5c0d27470",
                "reference": "5922ee701e341e68aa4b40a6683c6ce5c0d27470",
                "shasum": "",
                "mirrors": [
                    {
                        "url": "https://mirrors.aliyun.com/composer/dists/%package%/%reference%.%type%",
                        "preferred": true
                    }
                ]
            },
            "require": {
                "php": ">=7.1"
            },
            "require-dev": {
                "tm/tooly-composer-script": "^1.0"
            },
            "bin": [
                "bin/fcgiget"
            ],
            "type": "library",
            "extra": {
                "tools": {
                    "phpunit7": {
                        "url": "https://phar.phpunit.de/phpunit-7.phar",
                        "replace": true,
                        "only-dev": true
                    },
                    "phpunit8": {
                        "url": "https://phar.phpunit.de/phpunit-8.phar",
                        "replace": true,
                        "only-dev": true
                    }
                }
            },
            "autoload": {
                "psr-4": {
                    "hollodotme\\FastCGI\\": "src/"
                }
            },
            "notification-url": "https://packagist.org/downloads/",
            "license": [
                "MIT"
            ],
            "authors": [
                {
                    "name": "Holger Woltersdorf",
                    "email": "hw@hollo.me"
                }
            ],
            "description": "A PHP fast CGI client to send requests (a)synchronously to PHP-FPM.",
            "keywords": [
                "Socket",
                "async",
                "fastcgi",
                "php-fpm"
            ],
            "time": "2019-06-24T20:11:35+00:00"
        }
    ],
    "packages-dev": [],
    "aliases": [],
    "minimum-stability": "stable",
    "stability-flags": {
        "hollodotme/fast-cgi-client": 10
    },
    "prefer-stable": false,
    "prefer-lowest": false,
    "platform": {
        "php": "^7.0"
    },
    "platform-dev": []
}
